
Microsoft Visual Studio Solution File, Format Version 12.00
# Visual Studio Version 17
VisualStudioVersion = 17.2.32526.322
MinimumVisualStudioVersion = 10.0.40219.1
Project("{FAE04EC0-301F-11D3-BF4B-00C04F79EFBC}") = "AMORTIZACION", "AMORTIZACION\AMORTIZACION.csproj", "{851EA60A-E9DA-4B18-B93D-3D77C2E297FC}"
EndProject
Global
	GlobalSection(SolutionConfigurationPlatforms) = preSolution
		Debug|Any CPU = Debug|Any CPU
		Release|Any CPU = Release|Any CPU
	EndGlobalSection
	GlobalSection(ProjectConfigurationPlatforms) = postSolution
		{851EA60A-E9DA-4B18-B93D-3D77C2E297FC}.Debug|Any CPU.ActiveCfg = Debug|Any CPU
		{851EA60A-E9DA-4B18-B93D-3D77C2E297FC}.Debug|Any CPU.Build.0 = Debug|Any CPU
		{851EA60A-E9DA-4B18-B93D-3D77C2E297FC}.Release|Any CPU.ActiveCfg = Release|Any CPU
		{851EA60A-E9DA-4B18-B93D-3D77C2E297FC}.Release|Any CPU.Build.0 = Release|Any CPU
	EndGlobalSection
	GlobalSection(SolutionProperties) = preSolution
		HideSolutionNode = FALSE
	EndGlobalSection
	GlobalSection(ExtensibilityGlobals) = postSolution
		SolutionGuid = {093CE903-2D1B-4EAF-A10E-F4167BAF1A45}
	EndGlobalSection
EndGlobal
