
Microsoft Visual Studio Solution File, Format Version 12.00
# Visual Studio Version 17
VisualStudioVersion = 17.2.32526.322
MinimumVisualStudioVersion = 10.0.40219.1
Project("{FAE04EC0-301F-11D3-BF4B-00C04F79EFBC}") = "ISIMPLE", "ISIMPLE\ISIMPLE.csproj", "{A672FBB7-A29E-4113-BF3C-AABCB1F4ECCB}"
EndProject
Global
	GlobalSection(SolutionConfigurationPlatforms) = preSolution
		Debug|Any CPU = Debug|Any CPU
		Release|Any CPU = Release|Any CPU
	EndGlobalSection
	GlobalSection(ProjectConfigurationPlatforms) = postSolution
		{A672FBB7-A29E-4113-BF3C-AABCB1F4ECCB}.Debug|Any CPU.ActiveCfg = Debug|Any CPU
		{A672FBB7-A29E-4113-BF3C-AABCB1F4ECCB}.Debug|Any CPU.Build.0 = Debug|Any CPU
		{A672FBB7-A29E-4113-BF3C-AABCB1F4ECCB}.Release|Any CPU.ActiveCfg = Release|Any CPU
		{A672FBB7-A29E-4113-BF3C-AABCB1F4ECCB}.Release|Any CPU.Build.0 = Release|Any CPU
	EndGlobalSection
	GlobalSection(SolutionProperties) = preSolution
		HideSolutionNode = FALSE
	EndGlobalSection
	GlobalSection(ExtensibilityGlobals) = postSolution
		SolutionGuid = {B4197A58-7921-43AF-A4C8-D49F95706497}
	EndGlobalSection
EndGlobal
