
Microsoft Visual Studio Solution File, Format Version 12.00
# Visual Studio Version 17
VisualStudioVersion = 17.2.32526.322
MinimumVisualStudioVersion = 10.0.40219.1
Project("{FAE04EC0-301F-11D3-BF4B-00C04F79EFBC}") = "GRADIENTE", "GRADIENTE\GRADIENTE.csproj", "{860E6253-0F3E-457D-87A0-84E36504689F}"
EndProject
Global
	GlobalSection(SolutionConfigurationPlatforms) = preSolution
		Debug|Any CPU = Debug|Any CPU
		Release|Any CPU = Release|Any CPU
	EndGlobalSection
	GlobalSection(ProjectConfigurationPlatforms) = postSolution
		{860E6253-0F3E-457D-87A0-84E36504689F}.Debug|Any CPU.ActiveCfg = Debug|Any CPU
		{860E6253-0F3E-457D-87A0-84E36504689F}.Debug|Any CPU.Build.0 = Debug|Any CPU
		{860E6253-0F3E-457D-87A0-84E36504689F}.Release|Any CPU.ActiveCfg = Release|Any CPU
		{860E6253-0F3E-457D-87A0-84E36504689F}.Release|Any CPU.Build.0 = Release|Any CPU
	EndGlobalSection
	GlobalSection(SolutionProperties) = preSolution
		HideSolutionNode = FALSE
	EndGlobalSection
	GlobalSection(ExtensibilityGlobals) = postSolution
		SolutionGuid = {6070323C-2D23-40A5-8382-FDFC9910B926}
	EndGlobalSection
EndGlobal
