
Microsoft Visual Studio Solution File, Format Version 12.00
# Visual Studio Version 17
VisualStudioVersion = 17.2.32526.322
MinimumVisualStudioVersion = 10.0.40219.1
Project("{FAE04EC0-301F-11D3-BF4B-00C04F79EFBC}") = "ICompuesto", "ICompuesto\ICompuesto.csproj", "{396ADB6E-1CDF-4729-B6DE-82FE622FC9FD}"
EndProject
Global
	GlobalSection(SolutionConfigurationPlatforms) = preSolution
		Debug|Any CPU = Debug|Any CPU
		Release|Any CPU = Release|Any CPU
	EndGlobalSection
	GlobalSection(ProjectConfigurationPlatforms) = postSolution
		{396ADB6E-1CDF-4729-B6DE-82FE622FC9FD}.Debug|Any CPU.ActiveCfg = Debug|Any CPU
		{396ADB6E-1CDF-4729-B6DE-82FE622FC9FD}.Debug|Any CPU.Build.0 = Debug|Any CPU
		{396ADB6E-1CDF-4729-B6DE-82FE622FC9FD}.Release|Any CPU.ActiveCfg = Release|Any CPU
		{396ADB6E-1CDF-4729-B6DE-82FE622FC9FD}.Release|Any CPU.Build.0 = Release|Any CPU
	EndGlobalSection
	GlobalSection(SolutionProperties) = preSolution
		HideSolutionNode = FALSE
	EndGlobalSection
	GlobalSection(ExtensibilityGlobals) = postSolution
		SolutionGuid = {5D0A9682-6430-4482-AC43-07956EA98E60}
	EndGlobalSection
EndGlobal
